
Microsoft Visual Studio Solution File, Format Version 12.00
# Visual Studio Version 17
VisualStudioVersion = 17.3.32819.101
MinimumVisualStudioVersion = 10.0.40219.1
Project("{FAE04EC0-301F-11D3-BF4B-00C04F79EFBC}") = "SequenceEncoder", "SequenceEncoder\SequenceEncoder.csproj", "{7EE3B40F-F787-4218-A985-803F8C1E5335}"
EndProject
Project("{FAE04EC0-301F-11D3-BF4B-00C04F79EFBC}") = "SequenceEncoder.Tests", "SequenceEncoder.Tests\SequenceEncoder.Tests.csproj", "{9A26A2E0-9A33-4D23-AC20-BC3929BAF2FB}"
EndProject
Project("{2150E333-8FDC-42A3-9474-1A3956D46DE8}") = "Solution Items", "Solution Items", "{64DA517B-5435-44A5-9776-6E89A30940BF}"
	ProjectSection(SolutionItems) = preProject
		.gitignore = .gitignore
		README.md = README.md
	EndProjectSection
EndProject
Global
	GlobalSection(SolutionConfigurationPlatforms) = preSolution
		Debug|Any CPU = Debug|Any CPU
		Release|Any CPU = Release|Any CPU
	EndGlobalSection
	GlobalSection(ProjectConfigurationPlatforms) = postSolution
		{7EE3B40F-F787-4218-A985-803F8C1E5335}.Debug|Any CPU.ActiveCfg = Debug|Any CPU
		{7EE3B40F-F787-4218-A985-803F8C1E5335}.Debug|Any CPU.Build.0 = Debug|Any CPU
		{7EE3B40F-F787-4218-A985-803F8C1E5335}.Release|Any CPU.ActiveCfg = Release|Any CPU
		{7EE3B40F-F787-4218-A985-803F8C1E5335}.Release|Any CPU.Build.0 = Release|Any CPU
		{9A26A2E0-9A33-4D23-AC20-BC3929BAF2FB}.Debug|Any CPU.ActiveCfg = Debug|Any CPU
		{9A26A2E0-9A33-4D23-AC20-BC3929BAF2FB}.Debug|Any CPU.Build.0 = Debug|Any CPU
		{9A26A2E0-9A33-4D23-AC20-BC3929BAF2FB}.Release|Any CPU.ActiveCfg = Release|Any CPU
		{9A26A2E0-9A33-4D23-AC20-BC3929BAF2FB}.Release|Any CPU.Build.0 = Release|Any CPU
	EndGlobalSection
	GlobalSection(SolutionProperties) = preSolution
		HideSolutionNode = FALSE
	EndGlobalSection
	GlobalSection(ExtensibilityGlobals) = postSolution
		SolutionGuid = {A1D78D88-1CEC-439A-993D-378313779BAD}
	EndGlobalSection
EndGlobal
